
Microsoft Visual Studio Solution File, Format Version 12.00
# Visual Studio Version 17
VisualStudioVersion = 17.13.35825.156 d17.13
MinimumVisualStudioVersion = 10.0.40219.1
Project("{FAE04EC0-301F-11D3-BF4B-00C04F79EFBC}") = "BTBUOI13_Đệ Quy", "BTBUOI13_Đệ Quy\BTBUOI13_Đệ Quy.csproj", "{6B89C34E-ADCC-47F0-BFB3-592C1D2D77C0}"
EndProject
Global
	GlobalSection(SolutionConfigurationPlatforms) = preSolution
		Debug|Any CPU = Debug|Any CPU
		Release|Any CPU = Release|Any CPU
	EndGlobalSection
	GlobalSection(ProjectConfigurationPlatforms) = postSolution
		{6B89C34E-ADCC-47F0-BFB3-592C1D2D77C0}.Debug|Any CPU.ActiveCfg = Debug|Any CPU
		{6B89C34E-ADCC-47F0-BFB3-592C1D2D77C0}.Debug|Any CPU.Build.0 = Debug|Any CPU
		{6B89C34E-ADCC-47F0-BFB3-592C1D2D77C0}.Release|Any CPU.ActiveCfg = Release|Any CPU
		{6B89C34E-ADCC-47F0-BFB3-592C1D2D77C0}.Release|Any CPU.Build.0 = Release|Any CPU
	EndGlobalSection
	GlobalSection(SolutionProperties) = preSolution
		HideSolutionNode = FALSE
	EndGlobalSection
	GlobalSection(ExtensibilityGlobals) = postSolution
		SolutionGuid = {B651EBAF-3D74-4FA8-AA8F-E622B9AED735}
	EndGlobalSection
EndGlobal
